// !$*UTF8*$!
{
	archiveVersion = 1;
	classes = {
	};
	objectVersion = 55;
	objects = {

/* Begin PBXBuildFile section */
		52436B46277D8ED500E0DFA1 /* AppDelegate.swift in Sources */ = {isa = PBXBuildFile; fileRef = 52436B45277D8ED500E0DFA1 /* AppDelegate.swift */; };
		52436B48277D8ED500E0DFA1 /* SceneDelegate.swift in Sources */ = {isa = PBXBuildFile; fileRef = 52436B47277D8ED500E0DFA1 /* SceneDelegate.swift */; };
		52436B4A277D8ED500E0DFA1 /* LoginViewController.swift in Sources */ = {isa = PBXBuildFile; fileRef = 52436B49277D8ED500E0DFA1 /* LoginViewController.swift */; };
		52436B4D277D8ED500E0DFA1 /* Main.storyboard in Resources */ = {isa = PBXBuildFile; fileRef = 52436B4B277D8ED500E0DFA1 /* Main.storyboard */; };
		52436B4F277D8ED900E0DFA1 /* Assets.xcassets in Resources */ = {isa = PBXBuildFile; fileRef = 52436B4E277D8ED900E0DFA1 /* Assets.xcassets */; };
		52436B52277D8ED900E0DFA1 /* LaunchScreen.storyboard in Resources */ = {isa = PBXBuildFile; fileRef = 52436B50277D8ED900E0DFA1 /* LaunchScreen.storyboard */; };
		52B509AA27849BDB0087EF1B /* HelpViewController.swift in Sources */ = {isa = PBXBuildFile; fileRef = 52B509A927849BDB0087EF1B /* HelpViewController.swift */; };
		52F4F8ED277EFB470027225E /* UserDefaults.swift in Sources */ = {isa = PBXBuildFile; fileRef = 52F4F8EC277EFB470027225E /* UserDefaults.swift */; };
		52F4F8F0277F39700027225E /* LoginRouter.swift in Sources */ = {isa = PBXBuildFile; fileRef = 52F4F8EF277F39700027225E /* LoginRouter.swift */; };
		52F4F8F2277F48180027225E /* LoginWireframe.swift in Sources */ = {isa = PBXBuildFile; fileRef = 52F4F8F1277F48180027225E /* LoginWireframe.swift */; };
		52F4F8F4277F483A0027225E /* AnyLoginRouter.swift in Sources */ = {isa = PBXBuildFile; fileRef = 52F4F8F3277F483A0027225E /* AnyLoginRouter.swift */; };
		F08B62F1277DC81A0010F013 /* AnyLoginView.swift in Sources */ = {isa = PBXBuildFile; fileRef = F08B62F0277DC81A0010F013 /* AnyLoginView.swift */; };
		F08B62F4277DC84E0010F013 /* AnyLoginPresenter.swift in Sources */ = {isa = PBXBuildFile; fileRef = F08B62F3277DC84E0010F013 /* AnyLoginPresenter.swift */; };
		F08B62F6277DC9360010F013 /* LoginPresenter.swift in Sources */ = {isa = PBXBuildFile; fileRef = F08B62F5277DC9360010F013 /* LoginPresenter.swift */; };
		F08B62F8277DC9C10010F013 /* AnyLoginInteractor.swift in Sources */ = {isa = PBXBuildFile; fileRef = F08B62F7277DC9C10010F013 /* AnyLoginInteractor.swift */; };
		F08B62FA277DCA530010F013 /* AnyLoginInteractorOutput.swift in Sources */ = {isa = PBXBuildFile; fileRef = F08B62F9277DCA530010F013 /* AnyLoginInteractorOutput.swift */; };
		F08B62FC277DCB930010F013 /* LoginIteractor.swift in Sources */ = {isa = PBXBuildFile; fileRef = F08B62FB277DCB930010F013 /* LoginIteractor.swift */; };
		F08B6303277DD6BD0010F013 /* LoginService.swift in Sources */ = {isa = PBXBuildFile; fileRef = F08B6302277DD6BD0010F013 /* LoginService.swift */; };
		F08B6307277DD7710010F013 /* APIUser.swift in Sources */ = {isa = PBXBuildFile; fileRef = F08B6306277DD7710010F013 /* APIUser.swift */; };
		F08B6309277DDA910010F013 /* Users.json in Resources */ = {isa = PBXBuildFile; fileRef = F08B6308277DDA910010F013 /* Users.json */; };
		F08B630C277DE3F00010F013 /* String+Hash.swift in Sources */ = {isa = PBXBuildFile; fileRef = F08B630B277DE3F00010F013 /* String+Hash.swift */; };
/* End PBXBuildFile section */

/* Begin PBXFileReference section */
		52436B42277D8ED500E0DFA1 /* ViperExample.app */ = {isa = PBXFileReference; explicitFileType = wrapper.application; includeInIndex = 0; path = ViperExample.app; sourceTree = BUILT_PRODUCTS_DIR; };
		52436B45277D8ED500E0DFA1 /* AppDelegate.swift */ = {isa = PBXFileReference; lastKnownFileType = sourcecode.swift; path = AppDelegate.swift; sourceTree = "<group>"; };
		52436B47277D8ED500E0DFA1 /* SceneDelegate.swift */ = {isa = PBXFileReference; lastKnownFileType = sourcecode.swift; path = SceneDelegate.swift; sourceTree = "<group>"; };
		52436B49277D8ED500E0DFA1 /* LoginViewController.swift */ = {isa = PBXFileReference; lastKnownFileType = sourcecode.swift; path = LoginViewController.swift; sourceTree = "<group>"; };
		52436B4C277D8ED500E0DFA1 /* Base */ = {isa = PBXFileReference; lastKnownFileType = file.storyboard; name = Base; path = Base.lproj/Main.storyboard; sourceTree = "<group>"; };
		52436B4E277D8ED900E0DFA1 /* Assets.xcassets */ = {isa = PBXFileReference; lastKnownFileType = folder.assetcatalog; path = Assets.xcassets; sourceTree = "<group>"; };
		52436B51277D8ED900E0DFA1 /* Base */ = {isa = PBXFileReference; lastKnownFileType = file.storyboard; name = Base; path = Base.lproj/LaunchScreen.storyboard; sourceTree = "<group>"; };
		52436B53277D8ED900E0DFA1 /* Info.plist */ = {isa = PBXFileReference; lastKnownFileType = text.plist.xml; path = Info.plist; sourceTree = "<group>"; };
		52B509A927849BDB0087EF1B /* HelpViewController.swift */ = {isa = PBXFileReference; lastKnownFileType = sourcecode.swift; path = HelpViewController.swift; sourceTree = "<group>"; };
		52F4F8EC277EFB470027225E /* UserDefaults.swift */ = {isa = PBXFileReference; lastKnownFileType = sourcecode.swift; path = UserDefaults.swift; sourceTree = "<group>"; };
		52F4F8EF277F39700027225E /* LoginRouter.swift */ = {isa = PBXFileReference; lastKnownFileType = sourcecode.swift; path = LoginRouter.swift; sourceTree = "<group>"; };
		52F4F8F1277F48180027225E /* LoginWireframe.swift */ = {isa = PBXFileReference; lastKnownFileType = sourcecode.swift; path = LoginWireframe.swift; sourceTree = "<group>"; };
		52F4F8F3277F483A0027225E /* AnyLoginRouter.swift */ = {isa = PBXFileReference; lastKnownFileType = sourcecode.swift; path = AnyLoginRouter.swift; sourceTree = "<group>"; };
		F08B62F0277DC81A0010F013 /* AnyLoginView.swift */ = {isa = PBXFileReference; lastKnownFileType = sourcecode.swift; path = AnyLoginView.swift; sourceTree = "<group>"; };
		F08B62F3277DC84E0010F013 /* AnyLoginPresenter.swift */ = {isa = PBXFileReference; lastKnownFileType = sourcecode.swift; path = AnyLoginPresenter.swift; sourceTree = "<group>"; };
		F08B62F5277DC9360010F013 /* LoginPresenter.swift */ = {isa = PBXFileReference; lastKnownFileType = sourcecode.swift; path = LoginPresenter.swift; sourceTree = "<group>"; };
		F08B62F7277DC9C10010F013 /* AnyLoginInteractor.swift */ = {isa = PBXFileReference; lastKnownFileType = sourcecode.swift; path = AnyLoginInteractor.swift; sourceTree = "<group>"; };
		F08B62F9277DCA530010F013 /* AnyLoginInteractorOutput.swift */ = {isa = PBXFileReference; lastKnownFileType = sourcecode.swift; path = AnyLoginInteractorOutput.swift; sourceTree = "<group>"; };
		F08B62FB277DCB930010F013 /* LoginIteractor.swift */ = {isa = PBXFileReference; lastKnownFileType = sourcecode.swift; path = LoginIteractor.swift; sourceTree = "<group>"; };
		F08B6302277DD6BD0010F013 /* LoginService.swift */ = {isa = PBXFileReference; lastKnownFileType = sourcecode.swift; path = LoginService.swift; sourceTree = "<group>"; };
		F08B6306277DD7710010F013 /* APIUser.swift */ = {isa = PBXFileReference; lastKnownFileType = sourcecode.swift; path = APIUser.swift; sourceTree = "<group>"; };
		F08B6308277DDA910010F013 /* Users.json */ = {isa = PBXFileReference; fileEncoding = 4; lastKnownFileType = text.json; path = Users.json; sourceTree = "<group>"; };
		F08B630B277DE3F00010F013 /* String+Hash.swift */ = {isa = PBXFileReference; lastKnownFileType = sourcecode.swift; path = "String+Hash.swift"; sourceTree = "<group>"; };
/* End PBXFileReference section */

/* Begin PBXFrameworksBuildPhase section */
		52436B3F277D8ED400E0DFA1 /* Frameworks */ = {
			isa = PBXFrameworksBuildPhase;
			buildActionMask = 2147483647;
			files = (
			);
			runOnlyForDeploymentPostprocessing = 0;
		};
/* End PBXFrameworksBuildPhase section */

/* Begin PBXGroup section */
		52436B39277D8ED400E0DFA1 = {
			isa = PBXGroup;
			children = (
				52436B44277D8ED500E0DFA1 /* ViperExample */,
				52436B43277D8ED500E0DFA1 /* Products */,
			);
			sourceTree = "<group>";
		};
		52436B43277D8ED500E0DFA1 /* Products */ = {
			isa = PBXGroup;
			children = (
				52436B42277D8ED500E0DFA1 /* ViperExample.app */,
			);
			name = Products;
			sourceTree = "<group>";
		};
		52436B44277D8ED500E0DFA1 /* ViperExample */ = {
			isa = PBXGroup;
			children = (
				52436B45277D8ED500E0DFA1 /* AppDelegate.swift */,
				52436B47277D8ED500E0DFA1 /* SceneDelegate.swift */,
				F08B62EB277DC7960010F013 /* Modules */,
				F08B630A277DE3D80010F013 /* Utils */,
				F08B6300277DD6890010F013 /* Services */,
				F08B62FD277DD4550010F013 /* Resouces */,
				52436B4B277D8ED500E0DFA1 /* Main.storyboard */,
				52436B4E277D8ED900E0DFA1 /* Assets.xcassets */,
				52436B50277D8ED900E0DFA1 /* LaunchScreen.storyboard */,
				52436B53277D8ED900E0DFA1 /* Info.plist */,
			);
			path = ViperExample;
			sourceTree = "<group>";
		};
		52B509A827849BC30087EF1B /* Help */ = {
			isa = PBXGroup;
			children = (
				52B509A927849BDB0087EF1B /* HelpViewController.swift */,
			);
			path = Help;
			sourceTree = "<group>";
		};
		52F4F8EE277F39580027225E /* Router */ = {
			isa = PBXGroup;
			children = (
				52F4F8EF277F39700027225E /* LoginRouter.swift */,
				52F4F8F3277F483A0027225E /* AnyLoginRouter.swift */,
			);
			path = Router;
			sourceTree = "<group>";
		};
		F08B62EB277DC7960010F013 /* Modules */ = {
			isa = PBXGroup;
			children = (
				52B509A827849BC30087EF1B /* Help */,
				F08B62EC277DC7A00010F013 /* Login */,
			);
			path = Modules;
			sourceTree = "<group>";
		};
		F08B62EC277DC7A00010F013 /* Login */ = {
			isa = PBXGroup;
			children = (
				52F4F8EE277F39580027225E /* Router */,
				F08B62EF277DC7D30010F013 /* Interactor */,
				F08B62EE277DC7C80010F013 /* Presenter */,
				F08B62ED277DC7C20010F013 /* View */,
				52F4F8F1277F48180027225E /* LoginWireframe.swift */,
			);
			path = Login;
			sourceTree = "<group>";
		};
		F08B62ED277DC7C20010F013 /* View */ = {
			isa = PBXGroup;
			children = (
				52436B49277D8ED500E0DFA1 /* LoginViewController.swift */,
				F08B62F0277DC81A0010F013 /* AnyLoginView.swift */,
			);
			path = View;
			sourceTree = "<group>";
		};
		F08B62EE277DC7C80010F013 /* Presenter */ = {
			isa = PBXGroup;
			children = (
				F08B62F3277DC84E0010F013 /* AnyLoginPresenter.swift */,
				F08B62F5277DC9360010F013 /* LoginPresenter.swift */,
			);
			path = Presenter;
			sourceTree = "<group>";
		};
		F08B62EF277DC7D30010F013 /* Interactor */ = {
			isa = PBXGroup;
			children = (
				F08B62F7277DC9C10010F013 /* AnyLoginInteractor.swift */,
				F08B62F9277DCA530010F013 /* AnyLoginInteractorOutput.swift */,
				F08B62FB277DCB930010F013 /* LoginIteractor.swift */,
			);
			path = Interactor;
			sourceTree = "<group>";
		};
		F08B62FD277DD4550010F013 /* Resouces */ = {
			isa = PBXGroup;
			children = (
				F08B6308277DDA910010F013 /* Users.json */,
			);
			path = Resouces;
			sourceTree = "<group>";
		};
		F08B6300277DD6890010F013 /* Services */ = {
			isa = PBXGroup;
			children = (
				F08B6301277DD6950010F013 /* API */,
				52F4F8EC277EFB470027225E /* UserDefaults.swift */,
			);
			path = Services;
			sourceTree = "<group>";
		};
		F08B6301277DD6950010F013 /* API */ = {
			isa = PBXGroup;
			children = (
				F08B6305277DD7560010F013 /* Entities */,
				F08B6302277DD6BD0010F013 /* LoginService.swift */,
			);
			path = API;
			sourceTree = "<group>";
		};
		F08B6305277DD7560010F013 /* Entities */ = {
			isa = PBXGroup;
			children = (
				F08B6306277DD7710010F013 /* APIUser.swift */,
			);
			path = Entities;
			sourceTree = "<group>";
		};
		F08B630A277DE3D80010F013 /* Utils */ = {
			isa = PBXGroup;
			children = (
				F08B630B277DE3F00010F013 /* String+Hash.swift */,
			);
			path = Utils;
			sourceTree = "<group>";
		};
/* End PBXGroup section */

/* Begin PBXNativeTarget section */
		52436B41277D8ED400E0DFA1 /* ViperExample */ = {
			isa = PBXNativeTarget;
			buildConfigurationList = 52436B56277D8ED900E0DFA1 /* Build configuration list for PBXNativeTarget "ViperExample" */;
			buildPhases = (
				52436B3E277D8ED400E0DFA1 /* Sources */,
				52436B3F277D8ED400E0DFA1 /* Frameworks */,
				52436B40277D8ED400E0DFA1 /* Resources */,
			);
			buildRules = (
			);
			dependencies = (
			);
			name = ViperExample;
			productName = ViperExample;
			productReference = 52436B42277D8ED500E0DFA1 /* ViperExample.app */;
			productType = "com.apple.product-type.application";
		};
/* End PBXNativeTarget section */

/* Begin PBXProject section */
		52436B3A277D8ED400E0DFA1 /* Project object */ = {
			isa = PBXProject;
			attributes = {
				BuildIndependentTargetsInParallel = 1;
				LastSwiftUpdateCheck = 1300;
				LastUpgradeCheck = 1300;
				TargetAttributes = {
					52436B41277D8ED400E0DFA1 = {
						CreatedOnToolsVersion = 13.0;
					};
				};
			};
			buildConfigurationList = 52436B3D277D8ED400E0DFA1 /* Build configuration list for PBXProject "ViperExample" */;
			compatibilityVersion = "Xcode 13.0";
			developmentRegion = en;
			hasScannedForEncodings = 0;
			knownRegions = (
				en,
				Base,
			);
			mainGroup = 52436B39277D8ED400E0DFA1;
			productRefGroup = 52436B43277D8ED500E0DFA1 /* Products */;
			projectDirPath = "";
			projectRoot = "";
			targets = (
				52436B41277D8ED400E0DFA1 /* ViperExample */,
			);
		};
/* End PBXProject section */

/* Begin PBXResourcesBuildPhase section */
		52436B40277D8ED400E0DFA1 /* Resources */ = {
			isa = PBXResourcesBuildPhase;
			buildActionMask = 2147483647;
			files = (
				F08B6309277DDA910010F013 /* Users.json in Resources */,
				52436B52277D8ED900E0DFA1 /* LaunchScreen.storyboard in Resources */,
				52436B4F277D8ED900E0DFA1 /* Assets.xcassets in Resources */,
				52436B4D277D8ED500E0DFA1 /* Main.storyboard in Resources */,
			);
			runOnlyForDeploymentPostprocessing = 0;
		};
/* End PBXResourcesBuildPhase section */

/* Begin PBXSourcesBuildPhase section */
		52436B3E277D8ED400E0DFA1 /* Sources */ = {
			isa = PBXSourcesBuildPhase;
			buildActionMask = 2147483647;
			files = (
				F08B62F8277DC9C10010F013 /* AnyLoginInteractor.swift in Sources */,
				52F4F8F4277F483A0027225E /* AnyLoginRouter.swift in Sources */,
				F08B62F6277DC9360010F013 /* LoginPresenter.swift in Sources */,
				F08B630C277DE3F00010F013 /* String+Hash.swift in Sources */,
				52436B4A277D8ED500E0DFA1 /* LoginViewController.swift in Sources */,
				52F4F8ED277EFB470027225E /* UserDefaults.swift in Sources */,
				F08B62F4277DC84E0010F013 /* AnyLoginPresenter.swift in Sources */,
				F08B62F1277DC81A0010F013 /* AnyLoginView.swift in Sources */,
				52436B46277D8ED500E0DFA1 /* AppDelegate.swift in Sources */,
				52F4F8F2277F48180027225E /* LoginWireframe.swift in Sources */,
				F08B62FC277DCB930010F013 /* LoginIteractor.swift in Sources */,
				52B509AA27849BDB0087EF1B /* HelpViewController.swift in Sources */,
				F08B6303277DD6BD0010F013 /* LoginService.swift in Sources */,
				F08B62FA277DCA530010F013 /* AnyLoginInteractorOutput.swift in Sources */,
				52436B48277D8ED500E0DFA1 /* SceneDelegate.swift in Sources */,
				52F4F8F0277F39700027225E /* LoginRouter.swift in Sources */,
				F08B6307277DD7710010F013 /* APIUser.swift in Sources */,
			);
			runOnlyForDeploymentPostprocessing = 0;
		};
/* End PBXSourcesBuildPhase section */

/* Begin PBXVariantGroup section */
		52436B4B277D8ED500E0DFA1 /* Main.storyboard */ = {
			isa = PBXVariantGroup;
			children = (
				52436B4C277D8ED500E0DFA1 /* Base */,
			);
			name = Main.storyboard;
			sourceTree = "<group>";
		};
		52436B50277D8ED900E0DFA1 /* LaunchScreen.storyboard */ = {
			isa = PBXVariantGroup;
			children = (
				52436B51277D8ED900E0DFA1 /* Base */,
			);
			name = LaunchScreen.storyboard;
			sourceTree = "<group>";
		};
/* End PBXVariantGroup section */

/* Begin XCBuildConfiguration section */
		52436B54277D8ED900E0DFA1 /* Debug */ = {
			isa = XCBuildConfiguration;
			buildSettings = {
				ALWAYS_SEARCH_USER_PATHS = NO;
				CLANG_ANALYZER_NONNULL = YES;
				CLANG_ANALYZER_NUMBER_OBJECT_CONVERSION = YES_AGGRESSIVE;
				CLANG_CXX_LANGUAGE_STANDARD = "gnu++17";
				CLANG_CXX_LIBRARY = "libc++";
				CLANG_ENABLE_MODULES = YES;
				CLANG_ENABLE_OBJC_ARC = YES;
				CLANG_ENABLE_OBJC_WEAK = YES;
				CLANG_WARN_BLOCK_CAPTURE_AUTORELEASING = YES;
				CLANG_WARN_BOOL_CONVERSION = YES;
				CLANG_WARN_COMMA = YES;
				CLANG_WARN_CONSTANT_CONVERSION = YES;
				CLANG_WARN_DEPRECATED_OBJC_IMPLEMENTATIONS = YES;
				CLANG_WARN_DIRECT_OBJC_ISA_USAGE = YES_ERROR;
				CLANG_WARN_DOCUMENTATION_COMMENTS = YES;
				CLANG_WARN_EMPTY_BODY = YES;
				CLANG_WARN_ENUM_CONVERSION = YES;
				CLANG_WARN_INFINITE_RECURSION = YES;
				CLANG_WARN_INT_CONVERSION = YES;
				CLANG_WARN_NON_LITERAL_NULL_CONVERSION = YES;
				CLANG_WARN_OBJC_IMPLICIT_RETAIN_SELF = YES;
				CLANG_WARN_OBJC_LITERAL_CONVERSION = YES;
				CLANG_WARN_OBJC_ROOT_CLASS = YES_ERROR;
				CLANG_WARN_QUOTED_INCLUDE_IN_FRAMEWORK_HEADER = YES;
				CLANG_WARN_RANGE_LOOP_ANALYSIS = YES;
				CLANG_WARN_STRICT_PROTOTYPES = YES;
				CLANG_WARN_SUSPICIOUS_MOVE = YES;
				CLANG_WARN_UNGUARDED_AVAILABILITY = YES_AGGRESSIVE;
				CLANG_WARN_UNREACHABLE_CODE = YES;
				CLANG_WARN__DUPLICATE_METHOD_MATCH = YES;
				COPY_PHASE_STRIP = NO;
				DEBUG_INFORMATION_FORMAT = dwarf;
				ENABLE_STRICT_OBJC_MSGSEND = YES;
				ENABLE_TESTABILITY = YES;
				GCC_C_LANGUAGE_STANDARD = gnu11;
				GCC_DYNAMIC_NO_PIC = NO;
				GCC_NO_COMMON_BLOCKS = YES;
				GCC_OPTIMIZATION_LEVEL = 0;
				GCC_PREPROCESSOR_DEFINITIONS = (
					"DEBUG=1",
					"$(inherited)",
				);
				GCC_WARN_64_TO_32_BIT_CONVERSION = YES;
				GCC_WARN_ABOUT_RETURN_TYPE = YES_ERROR;
				GCC_WARN_UNDECLARED_SELECTOR = YES;
				GCC_WARN_UNINITIALIZED_AUTOS = YES_AGGRESSIVE;
				GCC_WARN_UNUSED_FUNCTION = YES;
				GCC_WARN_UNUSED_VARIABLE = YES;
				IPHONEOS_DEPLOYMENT_TARGET = 15.0;
				MTL_ENABLE_DEBUG_INFO = INCLUDE_SOURCE;
				MTL_FAST_MATH = YES;
				ONLY_ACTIVE_ARCH = YES;
				SDKROOT = iphoneos;
				SWIFT_ACTIVE_COMPILATION_CONDITIONS = DEBUG;
				SWIFT_OPTIMIZATION_LEVEL = "-Onone";
			};
			name = Debug;
		};
		52436B55277D8ED900E0DFA1 /* Release */ = {
			isa = XCBuildConfiguration;
			buildSettings = {
				ALWAYS_SEARCH_USER_PATHS = NO;
				CLANG_ANALYZER_NONNULL = YES;
				CLANG_ANALYZER_NUMBER_OBJECT_CONVERSION = YES_AGGRESSIVE;
				CLANG_CXX_LANGUAGE_STANDARD = "gnu++17";
				CLANG_CXX_LIBRARY = "libc++";
				CLANG_ENABLE_MODULES = YES;
				CLANG_ENABLE_OBJC_ARC = YES;
				CLANG_ENABLE_OBJC_WEAK = YES;
				CLANG_WARN_BLOCK_CAPTURE_AUTORELEASING = YES;
				CLANG_WARN_BOOL_CONVERSION = YES;
				CLANG_WARN_COMMA = YES;
				CLANG_WARN_CONSTANT_CONVERSION = YES;
				CLANG_WARN_DEPRECATED_OBJC_IMPLEMENTATIONS = YES;
				CLANG_WARN_DIRECT_OBJC_ISA_USAGE = YES_ERROR;
				CLANG_WARN_DOCUMENTATION_COMMENTS = YES;
				CLANG_WARN_EMPTY_BODY = YES;
				CLANG_WARN_ENUM_CONVERSION = YES;
				CLANG_WARN_INFINITE_RECURSION = YES;
				CLANG_WARN_INT_CONVERSION = YES;
				CLANG_WARN_NON_LITERAL_NULL_CONVERSION = YES;
				CLANG_WARN_OBJC_IMPLICIT_RETAIN_SELF = YES;
				CLANG_WARN_OBJC_LITERAL_CONVERSION = YES;
				CLANG_WARN_OBJC_ROOT_CLASS = YES_ERROR;
				CLANG_WARN_QUOTED_INCLUDE_IN_FRAMEWORK_HEADER = YES;
				CLANG_WARN_RANGE_LOOP_ANALYSIS = YES;
				CLANG_WARN_STRICT_PROTOTYPES = YES;
				CLANG_WARN_SUSPICIOUS_MOVE = YES;
				CLANG_WARN_UNGUARDED_AVAILABILITY = YES_AGGRESSIVE;
				CLANG_WARN_UNREACHABLE_CODE = YES;
				CLANG_WARN__DUPLICATE_METHOD_MATCH = YES;
				COPY_PHASE_STRIP = NO;
				DEBUG_INFORMATION_FORMAT = "dwarf-with-dsym";
				ENABLE_NS_ASSERTIONS = NO;
				ENABLE_STRICT_OBJC_MSGSEND = YES;
				GCC_C_LANGUAGE_STANDARD = gnu11;
				GCC_NO_COMMON_BLOCKS = YES;
				GCC_WARN_64_TO_32_BIT_CONVERSION = YES;
				GCC_WARN_ABOUT_RETURN_TYPE = YES_ERROR;
				GCC_WARN_UNDECLARED_SELECTOR = YES;
				GCC_WARN_UNINITIALIZED_AUTOS = YES_AGGRESSIVE;
				GCC_WARN_UNUSED_FUNCTION = YES;
				GCC_WARN_UNUSED_VARIABLE = YES;
				IPHONEOS_DEPLOYMENT_TARGET = 15.0;
				MTL_ENABLE_DEBUG_INFO = NO;
				MTL_FAST_MATH = YES;
				SDKROOT = iphoneos;
				SWIFT_COMPILATION_MODE = wholemodule;
				SWIFT_OPTIMIZATION_LEVEL = "-O";
				VALIDATE_PRODUCT = YES;
			};
			name = Release;
		};
		52436B57277D8ED900E0DFA1 /* Debug */ = {
			isa = XCBuildConfiguration;
			buildSettings = {
				ASSETCATALOG_COMPILER_APPICON_NAME = AppIcon;
				ASSETCATALOG_COMPILER_GLOBAL_ACCENT_COLOR_NAME = AccentColor;
				CODE_SIGN_STYLE = Automatic;
				CURRENT_PROJECT_VERSION = 1;
				DEVELOPMENT_TEAM = 5722AM23K8;
				GENERATE_INFOPLIST_FILE = YES;
				INFOPLIST_FILE = ViperExample/Info.plist;
				INFOPLIST_KEY_UIApplicationSupportsIndirectInputEvents = YES;
				INFOPLIST_KEY_UILaunchStoryboardName = LaunchScreen;
				INFOPLIST_KEY_UIMainStoryboardFile = Main;
				INFOPLIST_KEY_UISupportedInterfaceOrientations_iPad = "UIInterfaceOrientationPortrait UIInterfaceOrientationPortraitUpsideDown UIInterfaceOrientationLandscapeLeft UIInterfaceOrientationLandscapeRight";
				INFOPLIST_KEY_UISupportedInterfaceOrientations_iPhone = "UIInterfaceOrientationPortrait UIInterfaceOrientationLandscapeLeft UIInterfaceOrientationLandscapeRight";
				LD_RUNPATH_SEARCH_PATHS = (
					"$(inherited)",
					"@executable_path/Frameworks",
				);
				MARKETING_VERSION = 1.0;
				PRODUCT_BUNDLE_IDENTIFIER = com.savchuk.ViperExample;
				PRODUCT_NAME = "$(TARGET_NAME)";
				SWIFT_EMIT_LOC_STRINGS = YES;
				SWIFT_VERSION = 5.0;
				TARGETED_DEVICE_FAMILY = "1,2";
			};
			name = Debug;
		};
		52436B58277D8ED900E0DFA1 /* Release */ = {
			isa = XCBuildConfiguration;
			buildSettings = {
				ASSETCATALOG_COMPILER_APPICON_NAME = AppIcon;
				ASSETCATALOG_COMPILER_GLOBAL_ACCENT_COLOR_NAME = AccentColor;
				CODE_SIGN_STYLE = Automatic;
				CURRENT_PROJECT_VERSION = 1;
				DEVELOPMENT_TEAM = 5722AM23K8;
				GENERATE_INFOPLIST_FILE = YES;
				INFOPLIST_FILE = ViperExample/Info.plist;
				INFOPLIST_KEY_UIApplicationSupportsIndirectInputEvents = YES;
				INFOPLIST_KEY_UILaunchStoryboardName = LaunchScreen;
				INFOPLIST_KEY_UIMainStoryboardFile = Main;
				INFOPLIST_KEY_UISupportedInterfaceOrientations_iPad = "UIInterfaceOrientationPortrait UIInterfaceOrientationPortraitUpsideDown UIInterfaceOrientationLandscapeLeft UIInterfaceOrientationLandscapeRight";
				INFOPLIST_KEY_UISupportedInterfaceOrientations_iPhone = "UIInterfaceOrientationPortrait UIInterfaceOrientationLandscapeLeft UIInterfaceOrientationLandscapeRight";
				LD_RUNPATH_SEARCH_PATHS = (
					"$(inherited)",
					"@executable_path/Frameworks",
				);
				MARKETING_VERSION = 1.0;
				PRODUCT_BUNDLE_IDENTIFIER = com.savchuk.ViperExample;
				PRODUCT_NAME = "$(TARGET_NAME)";
				SWIFT_EMIT_LOC_STRINGS = YES;
				SWIFT_VERSION = 5.0;
				TARGETED_DEVICE_FAMILY = "1,2";
			};
			name = Release;
		};
/* End XCBuildConfiguration section */

/* Begin XCConfigurationList section */
		52436B3D277D8ED400E0DFA1 /* Build configuration list for PBXProject "ViperExample" */ = {
			isa = XCConfigurationList;
			buildConfigurations = (
				52436B54277D8ED900E0DFA1 /* Debug */,
				52436B55277D8ED900E0DFA1 /* Release */,
			);
			defaultConfigurationIsVisible = 0;
			defaultConfigurationName = Release;
		};
		52436B56277D8ED900E0DFA1 /* Build configuration list for PBXNativeTarget "ViperExample" */ = {
			isa = XCConfigurationList;
			buildConfigurations = (
				52436B57277D8ED900E0DFA1 /* Debug */,
				52436B58277D8ED900E0DFA1 /* Release */,
			);
			defaultConfigurationIsVisible = 0;
			defaultConfigurationName = Release;
		};
/* End XCConfigurationList section */
	};
	rootObject = 52436B3A277D8ED400E0DFA1 /* Project object */;
}
